
Microsoft Visual Studio Solution File, Format Version 12.00
# Visual Studio Version 17
VisualStudioVersion = 17.2.32630.192
MinimumVisualStudioVersion = 10.0.40219.1
Project("{9A19103F-16F7-4668-BE54-9A1E7A4F7556}") = "Animais_polimorfismo", "Animais_poliformismo\Animais_polimorfismo.csproj", "{24BA8B5B-6E84-4F28-938C-47B31DB1669F}"
EndProject
Global
	GlobalSection(SolutionConfigurationPlatforms) = preSolution
		Debug|Any CPU = Debug|Any CPU
		Release|Any CPU = Release|Any CPU
	EndGlobalSection
	GlobalSection(ProjectConfigurationPlatforms) = postSolution
		{24BA8B5B-6E84-4F28-938C-47B31DB1669F}.Debug|Any CPU.ActiveCfg = Debug|Any CPU
		{24BA8B5B-6E84-4F28-938C-47B31DB1669F}.Debug|Any CPU.Build.0 = Debug|Any CPU
		{24BA8B5B-6E84-4F28-938C-47B31DB1669F}.Release|Any CPU.ActiveCfg = Release|Any CPU
		{24BA8B5B-6E84-4F28-938C-47B31DB1669F}.Release|Any CPU.Build.0 = Release|Any CPU
	EndGlobalSection
	GlobalSection(SolutionProperties) = preSolution
		HideSolutionNode = FALSE
	EndGlobalSection
	GlobalSection(ExtensibilityGlobals) = postSolution
		SolutionGuid = {97DF05BF-EFA1-4532-A7AF-EC3A5DE89022}
	EndGlobalSection
EndGlobal
